lockfileVersion: '9.0'

settings:
  autoInstallPeers: true
  excludeLinksFromLockfile: false

importers:

  .:
    dependencies:
      '@tauri-apps/api':
        specifier: ^2.1.1
        version: 2.1.1
      valibot:
        specifier: ^1.0.0-beta.9
        version: 1.0.0-beta.9(typescript@5.7.2)
    devDependencies:
      '@rollup/plugin-typescript':
        specifier: ^12.1.2
        version: 12.1.2(rollup@4.28.1)(tslib@2.8.1)(typescript@5.7.2)
      rollup:
        specifier: ^4.28.1
        version: 4.28.1
      tslib:
        specifier: ^2.8.1
        version: 2.8.1
      typedoc:
        specifier: ^0.27.5
        version: 0.27.5(typescript@5.7.2)
      typescript:
        specifier: ^5.0.0
        version: 5.7.2

packages:

  '@gerrit0/mini-shiki@1.24.4':
    resolution: {integrity: sha512-YEHW1QeAg6UmxEmswiQbOVEg1CW22b1XUD/lNTliOsu0LD0wqoyleFMnmbTp697QE0pcadQiR5cVtbbAPncvpw==}

  '@rollup/plugin-typescript@12.1.2':
    resolution: {integrity: sha512-cdtSp154H5sv637uMr1a8OTWB0L1SWDSm1rDGiyfcGcvQ6cuTs4MDk2BVEBGysUWago4OJN4EQZqOTl/QY3Jgg==}
    engines: {node: '>=14.0.0'}
    peerDependencies:
      rollup: ^2.14.0||^3.0.0||^4.0.0
      tslib: '*'
      typescript: '>=3.7.0'
    peerDependenciesMeta:
      rollup:
        optional: true
      tslib:
        optional: true

  '@rollup/pluginutils@5.1.0':
    resolution: {integrity: sha512-XTIWOPPcpvyKI6L1NHo0lFlCyznUEyPmPY1mc3KpPVDYulHSTvyeLNVW00QTLIAFNhR3kYnJTQHeGqU4M3n09g==}
    engines: {node: '>=14.0.0'}
    peerDependencies:
      rollup: ^1.20.0||^2.0.0||^3.0.0||^4.0.0
    peerDependenciesMeta:
      rollup:
        optional: true

  '@rollup/rollup-android-arm-eabi@4.28.1':
    resolution: {integrity: sha512-2aZp8AES04KI2dy3Ss6/MDjXbwBzj+i0GqKtWXgw2/Ma6E4jJvujryO6gJAghIRVz7Vwr9Gtl/8na3nDUKpraQ==}
    cpu: [arm]
    os: [android]

  '@rollup/rollup-android-arm64@4.28.1':
    resolution: {integrity: sha512-EbkK285O+1YMrg57xVA+Dp0tDBRB93/BZKph9XhMjezf6F4TpYjaUSuPt5J0fZXlSag0LmZAsTmdGGqPp4pQFA==}
    cpu: [arm64]
    os: [android]

  '@rollup/rollup-darwin-arm64@4.28.1':
    resolution: {integrity: sha512-prduvrMKU6NzMq6nxzQw445zXgaDBbMQvmKSJaxpaZ5R1QDM8w+eGxo6Y/jhT/cLoCvnZI42oEqf9KQNYz1fqQ==}
    cpu: [arm64]
    os: [darwin]

  '@rollup/rollup-darwin-x64@4.28.1':
    resolution: {integrity: sha512-WsvbOunsUk0wccO/TV4o7IKgloJ942hVFK1CLatwv6TJspcCZb9umQkPdvB7FihmdxgaKR5JyxDjWpCOp4uZlQ==}
    cpu: [x64]
    os: [darwin]

  '@rollup/rollup-freebsd-arm64@4.28.1':
    resolution: {integrity: sha512-HTDPdY1caUcU4qK23FeeGxCdJF64cKkqajU0iBnTVxS8F7H/7BewvYoG+va1KPSL63kQ1PGNyiwKOfReavzvNA==}
    cpu: [arm64]
    os: [freebsd]

  '@rollup/rollup-freebsd-x64@4.28.1':
    resolution: {integrity: sha512-m/uYasxkUevcFTeRSM9TeLyPe2QDuqtjkeoTpP9SW0XxUWfcYrGDMkO/m2tTw+4NMAF9P2fU3Mw4ahNvo7QmsQ==}
    cpu: [x64]
    os: [freebsd]

  '@rollup/rollup-linux-arm-gnueabihf@4.28.1':
    resolution: {integrity: sha512-QAg11ZIt6mcmzpNE6JZBpKfJaKkqTm1A9+y9O+frdZJEuhQxiugM05gnCWiANHj4RmbgeVJpTdmKRmH/a+0QbA==}
    cpu: [arm]
    os: [linux]

  '@rollup/rollup-linux-arm-musleabihf@4.28.1':
    resolution: {integrity: sha512-dRP9PEBfolq1dmMcFqbEPSd9VlRuVWEGSmbxVEfiq2cs2jlZAl0YNxFzAQS2OrQmsLBLAATDMb3Z6MFv5vOcXg==}
    cpu: [arm]
    os: [linux]

  '@rollup/rollup-linux-arm64-gnu@4.28.1':
    resolution: {integrity: sha512-uGr8khxO+CKT4XU8ZUH1TTEUtlktK6Kgtv0+6bIFSeiSlnGJHG1tSFSjm41uQ9sAO/5ULx9mWOz70jYLyv1QkA==}
    cpu: [arm64]
    os: [linux]

  '@rollup/rollup-linux-arm64-musl@4.28.1':
    resolution: {integrity: sha512-QF54q8MYGAqMLrX2t7tNpi01nvq5RI59UBNx+3+37zoKX5KViPo/gk2QLhsuqok05sSCRluj0D00LzCwBikb0A==}
    cpu: [arm64]
    os: [linux]

  '@rollup/rollup-linux-loongarch64-gnu@4.28.1':
    resolution: {integrity: sha512-vPul4uodvWvLhRco2w0GcyZcdyBfpfDRgNKU+p35AWEbJ/HPs1tOUrkSueVbBS0RQHAf/A+nNtDpvw95PeVKOA==}
    cpu: [loong64]
    os: [linux]

  '@rollup/rollup-linux-powerpc64le-gnu@4.28.1':
    resolution: {integrity: sha512-pTnTdBuC2+pt1Rmm2SV7JWRqzhYpEILML4PKODqLz+C7Ou2apEV52h19CR7es+u04KlqplggmN9sqZlekg3R1A==}
    cpu: [ppc64]
    os: [linux]

  '@rollup/rollup-linux-riscv64-gnu@4.28.1':
    resolution: {integrity: sha512-vWXy1Nfg7TPBSuAncfInmAI/WZDd5vOklyLJDdIRKABcZWojNDY0NJwruY2AcnCLnRJKSaBgf/GiJfauu8cQZA==}
    cpu: [riscv64]
    os: [linux]

  '@rollup/rollup-linux-s390x-gnu@4.28.1':
    resolution: {integrity: sha512-/yqC2Y53oZjb0yz8PVuGOQQNOTwxcizudunl/tFs1aLvObTclTwZ0JhXF2XcPT/zuaymemCDSuuUPXJJyqeDOg==}
    cpu: [s390x]
    os: [linux]

  '@rollup/rollup-linux-x64-gnu@4.28.1':
    resolution: {integrity: sha512-fzgeABz7rrAlKYB0y2kSEiURrI0691CSL0+KXwKwhxvj92VULEDQLpBYLHpF49MSiPG4sq5CK3qHMnb9tlCjBw==}
    cpu: [x64]
    os: [linux]

  '@rollup/rollup-linux-x64-musl@4.28.1':
    resolution: {integrity: sha512-xQTDVzSGiMlSshpJCtudbWyRfLaNiVPXt1WgdWTwWz9n0U12cI2ZVtWe/Jgwyv/6wjL7b66uu61Vg0POWVfz4g==}
    cpu: [x64]
    os: [linux]

  '@rollup/rollup-win32-arm64-msvc@4.28.1':
    resolution: {integrity: sha512-wSXmDRVupJstFP7elGMgv+2HqXelQhuNf+IS4V+nUpNVi/GUiBgDmfwD0UGN3pcAnWsgKG3I52wMOBnk1VHr/A==}
    cpu: [arm64]
    os: [win32]

  '@rollup/rollup-win32-ia32-msvc@4.28.1':
    resolution: {integrity: sha512-ZkyTJ/9vkgrE/Rk9vhMXhf8l9D+eAhbAVbsGsXKy2ohmJaWg0LPQLnIxRdRp/bKyr8tXuPlXhIoGlEB5XpJnGA==}
    cpu: [ia32]
    os: [win32]

  '@rollup/rollup-win32-x64-msvc@4.28.1':
    resolution: {integrity: sha512-ZvK2jBafvttJjoIdKm/Q/Bh7IJ1Ose9IBOwpOXcOvW3ikGTQGmKDgxTC6oCAzW6PynbkKP8+um1du81XJHZ0JA==}
    cpu: [x64]
    os: [win32]

  '@shikijs/engine-oniguruma@1.24.2':
    resolution: {integrity: sha512-ZN6k//aDNWRJs1uKB12pturKHh7GejKugowOFGAuG7TxDRLod1Bd5JhpOikOiFqPmKjKEPtEA6mRCf7q3ulDyQ==}

  '@shikijs/types@1.24.2':
    resolution: {integrity: sha512-bdeWZiDtajGLG9BudI0AHet0b6e7FbR0EsE4jpGaI0YwHm/XJunI9+3uZnzFtX65gsyJ6ngCIWUfA4NWRPnBkQ==}

  '@shikijs/vscode-textmate@9.3.1':
    resolution: {integrity: sha512-79QfK1393x9Ho60QFyLti+QfdJzRQCVLFb97kOIV7Eo9vQU/roINgk7m24uv0a7AUvN//RDH36FLjjK48v0s9g==}

  '@tauri-apps/api@2.1.1':
    resolution: {integrity: sha512-fzUfFFKo4lknXGJq8qrCidkUcKcH2UHhfaaCNt4GzgzGaW2iS26uFOg4tS3H4P8D6ZEeUxtiD5z0nwFF0UN30A==}

  '@types/estree@1.0.6':
    resolution: {integrity: sha512-AYnb1nQyY49te+VRAVgmzfcgjYS91mY5P0TKUDCLEM+gNnA+3T6rWITXRLYCpahpqSQbN5cE+gHpnPyXjHWxcw==}

  '@types/hast@3.0.4':
    resolution: {integrity: sha512-WPs+bbQw5aCj+x6laNGWLH3wviHtoCv/P3+otBhbOhJgG8qtpdAMlTCxLtsTWA7LH1Oh/bFCHsBn0TPS5m30EQ==}

  '@types/unist@3.0.3':
    resolution: {integrity: sha512-ko/gIFJRv177XgZsZcBwnqJN5x/Gien8qNOn0D5bQU/zAzVf9Zt3BlcUiLqhV9y4ARk0GbT3tnUiPNgnTXzc/Q==}

  argparse@2.0.1:
    resolution: {integrity: sha512-8+9WqebbFzpX9OR+Wa6O29asIogeRMzcGtAINdpMHHyAg10f05aSFVBbcEqGf/PXw1EjAZ+q2/bEBg3DvurK3Q==}

  balanced-match@1.0.2:
    resolution: {integrity: sha512-3oSeUO0TMV67hN1AmbXsK4yaqU7tjiHlbxRDZOpH0KW9+CeX4bRAaX0Anxt0tx2MrpRpWwQaPwIlISEJhYU5Pw==}

  brace-expansion@2.0.1:
    resolution: {integrity: sha512-XnAIvQ8eM+kC6aULx6wuQiwVsnzsi9d3WxzV3FpWTGA19F621kwdbsAcFKXgKUHZWsy+mY6iL1sHTxWEFCytDA==}

  entities@4.5.0:
    resolution: {integrity: sha512-V0hjH4dGPh9Ao5p0MoRY6BVqtwCjhz6vI5LT8AJ55H+4g9/4vbHx1I54fS0XuclLhDHArPQCiMjDxjaL8fPxhw==}
    engines: {node: '>=0.12'}

  estree-walker@2.0.2:
    resolution: {integrity: sha512-Rfkk/Mp/DL7JVje3u18FxFujQlTNR2q6QfMSMB7AvCBx91NGj/ba3kCfza0f6dVDbw7YlRf/nDrn7pQrCCyQ/w==}

  fsevents@2.3.3:
    resolution: {integrity: sha512-5xoDfX+fL7faATnagmWPpbFtwh/R77WmMMqqHGS65C3vvB0YHrgF+B1YmZ3441tMj5n63k0212XNoJwzlhffQw==}
    engines: {node: ^8.16.0 || ^10.6.0 || >=11.0.0}
    os: [darwin]

  function-bind@1.1.2:
    resolution: {integrity: sha512-7XHNxH7qX9xG5mIwxkhumTox/MIRNcOgDrxWsMt2pAr23WHp6MrRlN7FBSFpCpr+oVO0F744iUgR82nJMfG2SA==}

  hasown@2.0.2:
    resolution: {integrity: sha512-0hJU9SCPvmMzIBdZFqNPXWa6dqh7WdH0cII9y+CyS8rG3nL48Bclra9HmKhVVUHyPWNH5Y7xDwAB7bfgSjkUMQ==}
    engines: {node: '>= 0.4'}

  is-core-module@2.13.1:
    resolution: {integrity: sha512-hHrIjvZsftOsvKSn2TRYl63zvxsgE0K+0mYMoH6gD4omR5IWB2KynivBQczo3+wF1cCkjzvptnI9Q0sPU66ilw==}

  linkify-it@5.0.0:
    resolution: {integrity: sha512-5aHCbzQRADcdP+ATqnDuhhJ/MRIqDkZX5pyjFHRRysS8vZ5AbqGEoFIb6pYHPZ+L/OC2Lc+xT8uHVVR5CAK/wQ==}

  lunr@2.3.9:
    resolution: {integrity: sha512-zTU3DaZaF3Rt9rhN3uBMGQD3dD2/vFQqnvZCDv4dl5iOzq2IZQqTxu90r4E5J+nP70J3ilqVCrbho2eWaeW8Ow==}

  markdown-it@14.1.0:
    resolution: {integrity: sha512-a54IwgWPaeBCAAsv13YgmALOF1elABB08FxO9i+r4VFk5Vl4pKokRPeX8u5TCgSsPi6ec1otfLjdOpVcgbpshg==}
    hasBin: true

  mdurl@2.0.0:
    resolution: {integrity: sha512-Lf+9+2r+Tdp5wXDXC4PcIBjTDtq4UKjCPMQhKIuzpJNW0b96kVqSwW0bT7FhRSfmAiFYgP+SCRvdrDozfh0U5w==}

  minimatch@9.0.5:
    resolution: {integrity: sha512-G6T0ZX48xgozx7587koeX9Ys2NYy6Gmv//P89sEte9V9whIapMNF4idKxnW2QtCcLiTWlb/wfCabAtAFWhhBow==}
    engines: {node: '>=16 || 14 >=14.17'}

  path-parse@1.0.7:
    resolution: {integrity: sha512-LDJzPVEEEPR+y48z93A0Ed0yXb8pAByGWo/k5YYdYgpY2/2EsOsksJrq7lOHxryrVOn1ejG6oAp8ahvOIQD8sw==}

  picomatch@2.3.1:
    resolution: {integrity: sha512-JU3teHTNjmE2VCGFzuY8EXzCDVwEqB2a8fsIvwaStHhAWJEeVd1o1QD80CU6+ZdEXXSLbSsuLwJjkCBWqRQUVA==}
    engines: {node: '>=8.6'}

  punycode.js@2.3.1:
    resolution: {integrity: sha512-uxFIHU0YlHYhDQtV4R9J6a52SLx28BCjT+4ieh7IGbgwVJWO+km431c4yRlREUAsAmt/uMjQUyQHNEPf0M39CA==}
    engines: {node: '>=6'}

  resolve@1.22.8:
    resolution: {integrity: sha512-oKWePCxqpd6FlLvGV1VU0x7bkPmmCNolxzjMf4NczoDnQcIWrAF+cPtZn5i6n+RfD2d9i0tzpKnG6Yk168yIyw==}
    hasBin: true

  rollup@4.28.1:
    resolution: {integrity: sha512-61fXYl/qNVinKmGSTHAZ6Yy8I3YIJC/r2m9feHo6SwVAVcLT5MPwOUFe7EuURA/4m0NR8lXG4BBXuo/IZEsjMg==}
    engines: {node: '>=18.0.0', npm: '>=8.0.0'}
    hasBin: true

  supports-preserve-symlinks-flag@1.0.0:
    resolution: {integrity: sha512-ot0WnXS9fgdkgIcePe6RHNk1WA8+muPa6cSjeR3V8K27q9BB1rTE3R1p7Hv0z1ZyAc8s6Vvv8DIyWf681MAt0w==}
    engines: {node: '>= 0.4'}

  tslib@2.8.1:
    resolution: {integrity: sha512-oJFu94HQb+KVduSUQL7wnpmqnfmLsOA/nAh6b6EH0wCEoK0/mPeXU6c3wKDV83MkOuHPRHtSXKKU99IBazS/2w==}

  typedoc@0.27.5:
    resolution: {integrity: sha512-x+fhKJtTg4ozXwKayh/ek4wxZQI/+2hmZUdO2i2NGDBRUflDble70z+ewHod3d4gRpXSO6fnlnjbDTnJk7HlkQ==}
    engines: {node: '>= 18'}
    hasBin: true
    peerDependencies:
      typescript: 5.0.x || 5.1.x || 5.2.x || 5.3.x || 5.4.x || 5.5.x || 5.6.x || 5.7.x

  typescript@5.7.2:
    resolution: {integrity: sha512-i5t66RHxDvVN40HfDd1PsEThGNnlMCMT3jMUuoh9/0TaqWevNontacunWyN02LA9/fIbEWlcHZcgTKb9QoaLfg==}
    engines: {node: '>=14.17'}
    hasBin: true

  uc.micro@2.1.0:
    resolution: {integrity: sha512-ARDJmphmdvUk6Glw7y9DQ2bFkKBHwQHLi2lsaH6PPmz/Ka9sFOBsBluozhDltWmnv9u/cF6Rt87znRTPV+yp/A==}

  valibot@1.0.0-beta.9:
    resolution: {integrity: sha512-yEX8gMAZ2R1yI2uwOO4NCtVnJQx36zn3vD0omzzj9FhcoblvPukENIiRZXKZwCnqSeV80bMm8wNiGhQ0S8fiww==}
    peerDependencies:
      typescript: '>=5'
    peerDependenciesMeta:
      typescript:
        optional: true

  yaml@2.6.1:
    resolution: {integrity: sha512-7r0XPzioN/Q9kXBro/XPnA6kznR73DHq+GXh5ON7ZozRO6aMjbmiBuKste2wslTFkC5d1dw0GooOCepZXJ2SAg==}
    engines: {node: '>= 14'}
    hasBin: true

snapshots:

  '@gerrit0/mini-shiki@1.24.4':
    dependencies:
      '@shikijs/engine-oniguruma': 1.24.2
      '@shikijs/types': 1.24.2
      '@shikijs/vscode-textmate': 9.3.1

  '@rollup/plugin-typescript@12.1.2(rollup@4.28.1)(tslib@2.8.1)(typescript@5.7.2)':
    dependencies:
      '@rollup/pluginutils': 5.1.0(rollup@4.28.1)
      resolve: 1.22.8
      typescript: 5.7.2
    optionalDependencies:
      rollup: 4.28.1
      tslib: 2.8.1

  '@rollup/pluginutils@5.1.0(rollup@4.28.1)':
    dependencies:
      '@types/estree': 1.0.6
      estree-walker: 2.0.2
      picomatch: 2.3.1
    optionalDependencies:
      rollup: 4.28.1

  '@rollup/rollup-android-arm-eabi@4.28.1':
    optional: true

  '@rollup/rollup-android-arm64@4.28.1':
    optional: true

  '@rollup/rollup-darwin-arm64@4.28.1':
    optional: true

  '@rollup/rollup-darwin-x64@4.28.1':
    optional: true

  '@rollup/rollup-freebsd-arm64@4.28.1':
    optional: true

  '@rollup/rollup-freebsd-x64@4.28.1':
    optional: true

  '@rollup/rollup-linux-arm-gnueabihf@4.28.1':
    optional: true

  '@rollup/rollup-linux-arm-musleabihf@4.28.1':
    optional: true

  '@rollup/rollup-linux-arm64-gnu@4.28.1':
    optional: true

  '@rollup/rollup-linux-arm64-musl@4.28.1':
    optional: true

  '@rollup/rollup-linux-loongarch64-gnu@4.28.1':
    optional: true

  '@rollup/rollup-linux-powerpc64le-gnu@4.28.1':
    optional: true

  '@rollup/rollup-linux-riscv64-gnu@4.28.1':
    optional: true

  '@rollup/rollup-linux-s390x-gnu@4.28.1':
    optional: true

  '@rollup/rollup-linux-x64-gnu@4.28.1':
    optional: true

  '@rollup/rollup-linux-x64-musl@4.28.1':
    optional: true

  '@rollup/rollup-win32-arm64-msvc@4.28.1':
    optional: true

  '@rollup/rollup-win32-ia32-msvc@4.28.1':
    optional: true

  '@rollup/rollup-win32-x64-msvc@4.28.1':
    optional: true

  '@shikijs/engine-oniguruma@1.24.2':
    dependencies:
      '@shikijs/types': 1.24.2
      '@shikijs/vscode-textmate': 9.3.1

  '@shikijs/types@1.24.2':
    dependencies:
      '@shikijs/vscode-textmate': 9.3.1
      '@types/hast': 3.0.4

  '@shikijs/vscode-textmate@9.3.1': {}

  '@tauri-apps/api@2.1.1': {}

  '@types/estree@1.0.6': {}

  '@types/hast@3.0.4':
    dependencies:
      '@types/unist': 3.0.3

  '@types/unist@3.0.3': {}

  argparse@2.0.1: {}

  balanced-match@1.0.2: {}

  brace-expansion@2.0.1:
    dependencies:
      balanced-match: 1.0.2

  entities@4.5.0: {}

  estree-walker@2.0.2: {}

  fsevents@2.3.3:
    optional: true

  function-bind@1.1.2: {}

  hasown@2.0.2:
    dependencies:
      function-bind: 1.1.2

  is-core-module@2.13.1:
    dependencies:
      hasown: 2.0.2

  linkify-it@5.0.0:
    dependencies:
      uc.micro: 2.1.0

  lunr@2.3.9: {}

  markdown-it@14.1.0:
    dependencies:
      argparse: 2.0.1
      entities: 4.5.0
      linkify-it: 5.0.0
      mdurl: 2.0.0
      punycode.js: 2.3.1
      uc.micro: 2.1.0

  mdurl@2.0.0: {}

  minimatch@9.0.5:
    dependencies:
      brace-expansion: 2.0.1

  path-parse@1.0.7: {}

  picomatch@2.3.1: {}

  punycode.js@2.3.1: {}

  resolve@1.22.8:
    dependencies:
      is-core-module: 2.13.1
      path-parse: 1.0.7
      supports-preserve-symlinks-flag: 1.0.0

  rollup@4.28.1:
    dependencies:
      '@types/estree': 1.0.6
    optionalDependencies:
      '@rollup/rollup-android-arm-eabi': 4.28.1
      '@rollup/rollup-android-arm64': 4.28.1
      '@rollup/rollup-darwin-arm64': 4.28.1
      '@rollup/rollup-darwin-x64': 4.28.1
      '@rollup/rollup-freebsd-arm64': 4.28.1
      '@rollup/rollup-freebsd-x64': 4.28.1
      '@rollup/rollup-linux-arm-gnueabihf': 4.28.1
      '@rollup/rollup-linux-arm-musleabihf': 4.28.1
      '@rollup/rollup-linux-arm64-gnu': 4.28.1
      '@rollup/rollup-linux-arm64-musl': 4.28.1
      '@rollup/rollup-linux-loongarch64-gnu': 4.28.1
      '@rollup/rollup-linux-powerpc64le-gnu': 4.28.1
      '@rollup/rollup-linux-riscv64-gnu': 4.28.1
      '@rollup/rollup-linux-s390x-gnu': 4.28.1
      '@rollup/rollup-linux-x64-gnu': 4.28.1
      '@rollup/rollup-linux-x64-musl': 4.28.1
      '@rollup/rollup-win32-arm64-msvc': 4.28.1
      '@rollup/rollup-win32-ia32-msvc': 4.28.1
      '@rollup/rollup-win32-x64-msvc': 4.28.1
      fsevents: 2.3.3

  supports-preserve-symlinks-flag@1.0.0: {}

  tslib@2.8.1: {}

  typedoc@0.27.5(typescript@5.7.2):
    dependencies:
      '@gerrit0/mini-shiki': 1.24.4
      lunr: 2.3.9
      markdown-it: 14.1.0
      minimatch: 9.0.5
      typescript: 5.7.2
      yaml: 2.6.1

  typescript@5.7.2: {}

  uc.micro@2.1.0: {}

  valibot@1.0.0-beta.9(typescript@5.7.2):
    optionalDependencies:
      typescript: 5.7.2

  yaml@2.6.1: {}
